
Microsoft Visual Studio Solution File, Format Version 12.00
# Visual Studio 15
VisualStudioVersion = 15.0.28307.168
MinimumVisualStudioVersion = 10.0.40219.1
Project("{FAE04EC0-301F-11D3-BF4B-00C04F79EFBC}") = "HelloWpf", "HelloWpf\HelloWpf.csproj", "{7C33F6DC-150F-4007-927E-2D6927151A8E}"
EndProject
Global
	GlobalSection(SolutionConfigurationPlatforms) = preSolution
		Debug|Any CPU = Debug|Any CPU
		Release|Any CPU = Release|Any CPU
	EndGlobalSection
	GlobalSection(ProjectConfigurationPlatforms) = postSolution
		{7C33F6DC-150F-4007-927E-2D6927151A8E}.Debug|Any CPU.ActiveCfg = Debug|Any CPU
		{7C33F6DC-150F-4007-927E-2D6927151A8E}.Debug|Any CPU.Build.0 = Debug|Any CPU
		{7C33F6DC-150F-4007-927E-2D6927151A8E}.Release|Any CPU.ActiveCfg = Release|Any CPU
		{7C33F6DC-150F-4007-927E-2D6927151A8E}.Release|Any CPU.Build.0 = Release|Any CPU
	EndGlobalSection
	GlobalSection(SolutionProperties) = preSolution
		HideSolutionNode = FALSE
	EndGlobalSection
	GlobalSection(ExtensibilityGlobals) = postSolution
		SolutionGuid = {1F29A7A0-DC1D-4C4A-9F4F-77F0369F3282}
	EndGlobalSection
EndGlobal
